{
  "nodes": {
    "home-manager": {
      "inputs": {
        "nixpkgs": [
          "nixos"
        ]
      },
      "locked": {
        "lastModified": 1612902587,
        "narHash": "sha256-VZ7Z1OMFf5ReObu3CCVBsC2DWloTYDjqW1onUKejVrE=",
        "owner": "nix-community",
        "repo": "home-manager",
        "rev": "209566c752c4428c7692c134731971193f06b37c",
        "type": "github"
      },
      "original": {
        "owner": "nix-community",
        "ref": "release-20.09",
        "repo": "home-manager",
        "type": "github"
      }
    },
    "nixos": {
      "locked": {
        "lastModified": 1613761605,
        "narHash": "sha256-lUF6UPR96ZzQC0faNXBHLoLhNAdxZqYqDwz0PaIZ/7Y=",
        "owner": "NixOS",
        "repo": "nixpkgs",
        "rev": "9816b99e71c3504b0b4c1f8b2e004148460029d4",
        "type": "github"
      },
      "original": {
        "id": "nixpkgs",
        "ref": "nixos-unstable",
        "type": "indirect"
      }
    },
    "nixos-master": {
      "locked": {
        "lastModified": 1613883678,
        "narHash": "sha256-2taG5i46aLjUcailCSnY4dXYRGlSGRETiimMQ2IAxoY=",
        "owner": "NixOS",
        "repo": "nixpkgs",
        "rev": "27d72106cc73d20bb5c6261f528c46d72ff49d9f",
        "type": "github"
      },
      "original": {
        "id": "nixpkgs",
        "ref": "master",
        "type": "indirect"
      }
    },
    "nixos-unstable": {
      "locked": {
        "lastModified": 1613761605,
        "narHash": "sha256-lUF6UPR96ZzQC0faNXBHLoLhNAdxZqYqDwz0PaIZ/7Y=",
        "owner": "NixOS",
        "repo": "nixpkgs",
        "rev": "9816b99e71c3504b0b4c1f8b2e004148460029d4",
        "type": "github"
      },
      "original": {
        "id": "nixpkgs",
        "ref": "nixos-unstable",
        "type": "indirect"
      }
    },
    "nixpkgs": {
      "locked": {
        "lastModified": 1613883678,
        "narHash": "sha256-2taG5i46aLjUcailCSnY4dXYRGlSGRETiimMQ2IAxoY=",
        "owner": "NixOS",
        "repo": "nixpkgs",
        "rev": "27d72106cc73d20bb5c6261f528c46d72ff49d9f",
        "type": "github"
      },
      "original": {
        "id": "nixpkgs",
        "type": "indirect"
      }
    },
    "root": {
      "inputs": {
        "home-manager": "home-manager",
        "nixos": "nixos",
        "nixos-master": "nixos-master",
        "nixos-unstable": "nixos-unstable",
        "nixpkgs": "nixpkgs"
      }
    }
  },
  "root": "root",
  "version": 7
}
