{
  "nodes": {
    "home-manager": {
      "inputs": {
        "nixpkgs": [
          "nixos"
        ]
      },
      "locked": {
        "lastModified": 1612902587,
        "narHash": "sha256-VZ7Z1OMFf5ReObu3CCVBsC2DWloTYDjqW1onUKejVrE=",
        "owner": "nix-community",
        "repo": "home-manager",
        "rev": "209566c752c4428c7692c134731971193f06b37c",
        "type": "github"
      },
      "original": {
        "owner": "nix-community",
        "ref": "release-20.09",
        "repo": "home-manager",
        "type": "github"
      }
    },
    "nixos": {
      "locked": {
        "lastModified": 1613495094,
        "narHash": "sha256-nCM0DOMzxObrXkpGBBTFUCfKOQbdm908z2rv9julGO8=",
        "owner": "NixOS",
        "repo": "nixpkgs",
        "rev": "64b4617883844efe0cc20163e007ee636462eb18",
        "type": "github"
      },
      "original": {
        "id": "nixpkgs",
        "ref": "nixos-unstable",
        "type": "indirect"
      }
    },
    "nixos-master": {
      "locked": {
        "lastModified": 1613565611,
        "narHash": "sha256-RhJEZzFAywrv5FDugMtkfL9k1Ro1u6sGX6vk3+q3uJ0=",
        "owner": "NixOS",
        "repo": "nixpkgs",
        "rev": "ed002061b53ea44b34c5b99f3dc65ea160548d02",
        "type": "github"
      },
      "original": {
        "id": "nixpkgs",
        "ref": "master",
        "type": "indirect"
      }
    },
    "nixos-unstable": {
      "locked": {
        "lastModified": 1613495094,
        "narHash": "sha256-nCM0DOMzxObrXkpGBBTFUCfKOQbdm908z2rv9julGO8=",
        "owner": "NixOS",
        "repo": "nixpkgs",
        "rev": "64b4617883844efe0cc20163e007ee636462eb18",
        "type": "github"
      },
      "original": {
        "id": "nixpkgs",
        "ref": "nixos-unstable",
        "type": "indirect"
      }
    },
    "nixpkgs": {
      "locked": {
        "lastModified": 1613565611,
        "narHash": "sha256-RhJEZzFAywrv5FDugMtkfL9k1Ro1u6sGX6vk3+q3uJ0=",
        "owner": "NixOS",
        "repo": "nixpkgs",
        "rev": "ed002061b53ea44b34c5b99f3dc65ea160548d02",
        "type": "github"
      },
      "original": {
        "id": "nixpkgs",
        "type": "indirect"
      }
    },
    "root": {
      "inputs": {
        "home-manager": "home-manager",
        "nixos": "nixos",
        "nixos-master": "nixos-master",
        "nixos-unstable": "nixos-unstable",
        "nixpkgs": "nixpkgs"
      }
    }
  },
  "root": "root",
  "version": 7
}
